
Microsoft Visual Studio Solution File, Format Version 12.00
# Visual Studio Version 17
VisualStudioVersion = 17.3.32929.385
MinimumVisualStudioVersion = 10.0.40219.1
Project("{9A19103F-16F7-4668-BE54-9A1E7A4F7556}") = "LoathsomePadSwapper", "LoathsomePadSwapper\LoathsomePadSwapper.csproj", "{3213BC6A-B4DB-4C6A-BC58-D546BB480A07}"
EndProject
Global
	GlobalSection(SolutionConfigurationPlatforms) = preSolution
		Debug|Any CPU = Debug|Any CPU
		Release|Any CPU = Release|Any CPU
	EndGlobalSection
	GlobalSection(ProjectConfigurationPlatforms) = postSolution
		{3213BC6A-B4DB-4C6A-BC58-D546BB480A07}.Debug|Any CPU.ActiveCfg = Debug|Any CPU
		{3213BC6A-B4DB-4C6A-BC58-D546BB480A07}.Debug|Any CPU.Build.0 = Debug|Any CPU
		{3213BC6A-B4DB-4C6A-BC58-D546BB480A07}.Release|Any CPU.ActiveCfg = Release|Any CPU
		{3213BC6A-B4DB-4C6A-BC58-D546BB480A07}.Release|Any CPU.Build.0 = Release|Any CPU
	EndGlobalSection
	GlobalSection(SolutionProperties) = preSolution
		HideSolutionNode = FALSE
	EndGlobalSection
	GlobalSection(ExtensibilityGlobals) = postSolution
		SolutionGuid = {C06B50CA-4C14-41FA-B422-E08A2934F0A1}
	EndGlobalSection
EndGlobal
